{
  "name": "delivery-workflow-harness",
  "version": "0.2.7",
  "lockfileVersion": 3,
  "requires": true,
  "packages": {
    "": {
      "name": "delivery-workflow-harness",
      "version": "0.2.7",
      "license": "MIT",
      "bin": {
        "delivery-workflow": "bin/delivery-workflow.js",
        "dw": "bin/delivery-workflow.js"
      },
      "engines": {
        "node": ">=18"
      }
    }
  }
}
